
Microsoft Visual Studio Solution File, Format Version 12.00
# Visual Studio 14
VisualStudioVersion = 14.0.25123.0
MinimumVisualStudioVersion = 10.0.40219.1
Project("{888888A0-9F3D-457C-B088-3A5042F75D52}") = "InernetAppClient", "InernetAppClient\InernetAppClient.pyproj", "{D7CA4E83-864C-4B24-A008-E00C743F56A7}"
EndProject
Project("{2150E333-8FDC-42A3-9474-1A3956D46DE8}") = "Solution Items", "Solution Items", "{40A35868-B933-433B-86EA-9B84DE94D9AC}"
	ProjectSection(SolutionItems) = preProject
		MyData.sql = MyData.sql
	EndProjectSection
EndProject
Global
	GlobalSection(SolutionConfigurationPlatforms) = preSolution
		Debug|Any CPU = Debug|Any CPU
		Release|Any CPU = Release|Any CPU
	EndGlobalSection
	GlobalSection(ProjectConfigurationPlatforms) = postSolution
		{D7CA4E83-864C-4B24-A008-E00C743F56A7}.Debug|Any CPU.ActiveCfg = Debug|Any CPU
		{D7CA4E83-864C-4B24-A008-E00C743F56A7}.Debug|Any CPU.Build.0 = Debug|Any CPU
		{D7CA4E83-864C-4B24-A008-E00C743F56A7}.Release|Any CPU.ActiveCfg = Release|Any CPU
		{D7CA4E83-864C-4B24-A008-E00C743F56A7}.Release|Any CPU.Build.0 = Release|Any CPU
	EndGlobalSection
	GlobalSection(SolutionProperties) = preSolution
		HideSolutionNode = FALSE
	EndGlobalSection
EndGlobal
